{
  "name": "create-atomic-install",
  "version": "1.0.0",
  "lockfileVersion": 3,
  "requires": true,
  "packages": {
    "": {
      "name": "create-atomic-install",
      "version": "1.0.0",
      "license": "GPL-1.0-only",
      "bin": {
        "create-atomic-install": "bin/index.js"
      },
      "engines": {
        "node": ">=18"
      }
    }
  }
}
